lockfileVersion: '9.0'

settings:
  autoInstallPeers: true
  excludeLinksFromLockfile: false

importers:

  .:
    dependencies:
      '@types/hammerjs':
        specifier: ^2.0.46
        version: 2.0.46

packages:

  '@types/hammerjs@2.0.46':
    resolution: {integrity: sha512-ynRvcq6wvqexJ9brDMS4BnBLzmr0e14d6ZJTEShTBWKymQiHwlAyGu0ZPEFI2Fh1U53F7tN9ufClWM5KvqkKOw==}

snapshots:

  '@types/hammerjs@2.0.46': {}
